PODS:
  - Alamofire (5.0.0-beta.2)

DEPENDENCIES:
  - Alamofire (~> 5.0.0-beta.2)

SPEC REPOS:
  https://github.com/cocoapods/specs.git:
    - Alamofire

SPEC CHECKSUMS:
  Alamofire: d1e5493588babe3e7b56ae29e8032942f4de09fe

PODFILE CHECKSUM: 425dffd1f071940ed6e43071f6fe710d2d0a9ec2

COCOAPODS: 1.5.3
