// !$*UTF8*$!
{
	archiveVersion = 1;
	classes = {
	};
	objectVersion = 50;
	objects = {

/* Begin PBXBuildFile section */
		B06048582225384A0029ADC6 /* Models.swift in Sources */ = {isa = PBXBuildFile; fileRef = B06048572225384A0029ADC6 /* Models.swift */; };
		B060485A22253AD40029ADC6 /* NetworkService.swift in Sources */ = {isa = PBXBuildFile; fileRef = B060485922253AD40029ADC6 /* NetworkService.swift */; };
		B060485D22255A270029ADC6 /* UIImage+extension.swift in Sources */ = {isa = PBXBuildFile; fileRef = B060485C22255A270029ADC6 /* UIImage+extension.swift */; };
		B06048612225BF1C0029ADC6 /* CharacterCell.swift in Sources */ = {isa = PBXBuildFile; fileRef = B06048602225BF1C0029ADC6 /* CharacterCell.swift */; };
		B06048652225DF410029ADC6 /* UITableView+Reusable.swift in Sources */ = {isa = PBXBuildFile; fileRef = B06048642225DF400029ADC6 /* UITableView+Reusable.swift */; };
		B060486C22267FA50029ADC6 /* ErrorView.xib in Resources */ = {isa = PBXBuildFile; fileRef = B060486B22267FA50029ADC6 /* ErrorView.xib */; };
		B060486E22267FCB0029ADC6 /* ErrorView.swift in Sources */ = {isa = PBXBuildFile; fileRef = B060486D22267FCB0029ADC6 /* ErrorView.swift */; };
		B060487022269EC30029ADC6 /* LoadingView.swift in Sources */ = {isa = PBXBuildFile; fileRef = B060486F22269EC30029ADC6 /* LoadingView.swift */; };
		B060487222269ECE0029ADC6 /* LoadingView.xib in Resources */ = {isa = PBXBuildFile; fileRef = B060487122269ECE0029ADC6 /* LoadingView.xib */; };
		B06048742226A1290029ADC6 /* EmptyView.swift in Sources */ = {isa = PBXBuildFile; fileRef = B06048732226A1290029ADC6 /* EmptyView.swift */; };
		B06048762226A13D0029ADC6 /* EmptyView.xib in Resources */ = {isa = PBXBuildFile; fileRef = B06048752226A13D0029ADC6 /* EmptyView.xib */; };
		B06048792226B6810029ADC6 /* CharacterDetailsView.xib in Resources */ = {isa = PBXBuildFile; fileRef = B06048782226B6810029ADC6 /* CharacterDetailsView.xib */; };
		B060487B2226C02B0029ADC6 /* CharacterDetailsView.swift in Sources */ = {isa = PBXBuildFile; fileRef = B060487A2226C02B0029ADC6 /* CharacterDetailsView.swift */; };
		B060487F2226C5090029ADC6 /* DetailsViewController.swift in Sources */ = {isa = PBXBuildFile; fileRef = B060487E2226C5090029ADC6 /* DetailsViewController.swift */; };
		B0604881222A8F2D0029ADC6 /* RickAndMortyRouter.swift in Sources */ = {isa = PBXBuildFile; fileRef = B0604880222A8F2D0029ADC6 /* RickAndMortyRouter.swift */; };
		B0604887222CB70D0029ADC6 /* LocationCell.swift in Sources */ = {isa = PBXBuildFile; fileRef = B0604886222CB70D0029ADC6 /* LocationCell.swift */; };
		B060488B222EEFD10029ADC6 /* ViewModel.swift in Sources */ = {isa = PBXBuildFile; fileRef = B060488A222EEFD10029ADC6 /* ViewModel.swift */; };
		B060488E222EF0BF0029ADC6 /* State.swift in Sources */ = {isa = PBXBuildFile; fileRef = B060488D222EF0BF0029ADC6 /* State.swift */; };
		B0604890222EFC600029ADC6 /* FooterView.swift in Sources */ = {isa = PBXBuildFile; fileRef = B060488F222EFC600029ADC6 /* FooterView.swift */; };
		B0604892222F0D1F0029ADC6 /* EpisodeCell.swift in Sources */ = {isa = PBXBuildFile; fileRef = B0604891222F0D1F0029ADC6 /* EpisodeCell.swift */; };
		B0CD59E32222B25F00244139 /* AppDelegate.swift in Sources */ = {isa = PBXBuildFile; fileRef = B0CD59E22222B25F00244139 /* AppDelegate.swift */; };
		B0CD59EA2222B26200244139 /* Assets.xcassets in Resources */ = {isa = PBXBuildFile; fileRef = B0CD59E92222B26200244139 /* Assets.xcassets */; };
		B0CD59ED2222B26200244139 /* LaunchScreen.storyboard in Resources */ = {isa = PBXBuildFile; fileRef = B0CD59EB2222B26200244139 /* LaunchScreen.storyboard */; };
		B0CD59F52222B43700244139 /* TabBarController.swift in Sources */ = {isa = PBXBuildFile; fileRef = B0CD59F42222B43700244139 /* TabBarController.swift */; };
		B0CD59F72222B4C700244139 /* CharacterViewController.swift in Sources */ = {isa = PBXBuildFile; fileRef = B0CD59F62222B4C700244139 /* CharacterViewController.swift */; };
		B0CD59F92222B51F00244139 /* LocationViewController.swift in Sources */ = {isa = PBXBuildFile; fileRef = B0CD59F82222B51F00244139 /* LocationViewController.swift */; };
		B0CD59FB2222B53E00244139 /* EpisodeViewController.swift in Sources */ = {isa = PBXBuildFile; fileRef = B0CD59FA2222B53E00244139 /* EpisodeViewController.swift */; };
		B0CD59FF2222DFA000244139 /* UIView+extension.swift in Sources */ = {isa = PBXBuildFile; fileRef = B0CD59FE2222DFA000244139 /* UIView+extension.swift */; };
		F2D1A69043E15F10DF92A459 /* Pods_RickAndMortyFunApp.framework in Frameworks */ = {isa = PBXBuildFile; fileRef = 9BB4F13A7F855A5C6065C143 /* Pods_RickAndMortyFunApp.framework */; };
/* End PBXBuildFile section */

/* Begin PBXFileReference section */
		19ECBFD40C618F1086A191AA /* Pods-RickAndMortyFunApp.debug.xcconfig */ = {isa = PBXFileReference; includeInIndex = 1; lastKnownFileType = text.xcconfig; name = "Pods-RickAndMortyFunApp.debug.xcconfig"; path = "Pods/Target Support Files/Pods-RickAndMortyFunApp/Pods-RickAndMortyFunApp.debug.xcconfig"; sourceTree = "<group>"; };
		1C642F928D4A80B2BF675C4B /* Pods-RickAndMortyFunApp.release.xcconfig */ = {isa = PBXFileReference; includeInIndex = 1; lastKnownFileType = text.xcconfig; name = "Pods-RickAndMortyFunApp.release.xcconfig"; path = "Pods/Target Support Files/Pods-RickAndMortyFunApp/Pods-RickAndMortyFunApp.release.xcconfig"; sourceTree = "<group>"; };
		9BB4F13A7F855A5C6065C143 /* Pods_RickAndMortyFunApp.framework */ = {isa = PBXFileReference; explicitFileType = wrapper.framework; includeInIndex = 0; path = Pods_RickAndMortyFunApp.framework; sourceTree = BUILT_PRODUCTS_DIR; };
		B06048572225384A0029ADC6 /* Models.swift */ = {isa = PBXFileReference; lastKnownFileType = sourcecode.swift; path = Models.swift; sourceTree = "<group>"; };
		B060485922253AD40029ADC6 /* NetworkService.swift */ = {isa = PBXFileReference; lastKnownFileType = sourcecode.swift; path = NetworkService.swift; sourceTree = "<group>"; };
		B060485C22255A270029ADC6 /* UIImage+extension.swift */ = {isa = PBXFileReference; lastKnownFileType = sourcecode.swift; path = "UIImage+extension.swift"; sourceTree = "<group>"; };
		B06048602225BF1C0029ADC6 /* CharacterCell.swift */ = {isa = PBXFileReference; lastKnownFileType = sourcecode.swift; path = CharacterCell.swift; sourceTree = "<group>"; };
		B06048642225DF400029ADC6 /* UITableView+Reusable.swift */ = {isa = PBXFileReference; fileEncoding = 4; lastKnownFileType = sourcecode.swift; path = "UITableView+Reusable.swift"; sourceTree = "<group>"; };
		B060486B22267FA50029ADC6 /* ErrorView.xib */ = {isa = PBXFileReference; lastKnownFileType = file.xib; path = ErrorView.xib; sourceTree = "<group>"; };
		B060486D22267FCB0029ADC6 /* ErrorView.swift */ = {isa = PBXFileReference; lastKnownFileType = sourcecode.swift; path = ErrorView.swift; sourceTree = "<group>"; };
		B060486F22269EC30029ADC6 /* LoadingView.swift */ = {isa = PBXFileReference; lastKnownFileType = sourcecode.swift; path = LoadingView.swift; sourceTree = "<group>"; };
		B060487122269ECE0029ADC6 /* LoadingView.xib */ = {isa = PBXFileReference; lastKnownFileType = file.xib; path = LoadingView.xib; sourceTree = "<group>"; };
		B06048732226A1290029ADC6 /* EmptyView.swift */ = {isa = PBXFileReference; lastKnownFileType = sourcecode.swift; path = EmptyView.swift; sourceTree = "<group>"; };
		B06048752226A13D0029ADC6 /* EmptyView.xib */ = {isa = PBXFileReference; lastKnownFileType = file.xib; path = EmptyView.xib; sourceTree = "<group>"; };
		B06048782226B6810029ADC6 /* CharacterDetailsView.xib */ = {isa = PBXFileReference; lastKnownFileType = file.xib; path = CharacterDetailsView.xib; sourceTree = "<group>"; };
		B060487A2226C02B0029ADC6 /* CharacterDetailsView.swift */ = {isa = PBXFileReference; lastKnownFileType = sourcecode.swift; path = CharacterDetailsView.swift; sourceTree = "<group>"; };
		B060487E2226C5090029ADC6 /* DetailsViewController.swift */ = {isa = PBXFileReference; lastKnownFileType = sourcecode.swift; path = DetailsViewController.swift; sourceTree = "<group>"; };
		B0604880222A8F2D0029ADC6 /* RickAndMortyRouter.swift */ = {isa = PBXFileReference; lastKnownFileType = sourcecode.swift; path = RickAndMortyRouter.swift; sourceTree = "<group>"; };
		B0604886222CB70D0029ADC6 /* LocationCell.swift */ = {isa = PBXFileReference; lastKnownFileType = sourcecode.swift; path = LocationCell.swift; sourceTree = "<group>"; };
		B060488A222EEFD10029ADC6 /* ViewModel.swift */ = {isa = PBXFileReference; lastKnownFileType = sourcecode.swift; path = ViewModel.swift; sourceTree = "<group>"; };
		B060488D222EF0BF0029ADC6 /* State.swift */ = {isa = PBXFileReference; lastKnownFileType = sourcecode.swift; path = State.swift; sourceTree = "<group>"; };
		B060488F222EFC600029ADC6 /* FooterView.swift */ = {isa = PBXFileReference; lastKnownFileType = sourcecode.swift; path = FooterView.swift; sourceTree = "<group>"; };
		B0604891222F0D1F0029ADC6 /* EpisodeCell.swift */ = {isa = PBXFileReference; lastKnownFileType = sourcecode.swift; path = EpisodeCell.swift; sourceTree = "<group>"; };
		B0CD59DF2222B25F00244139 /* RickAndMortyFunApp.app */ = {isa = PBXFileReference; explicitFileType = wrapper.application; includeInIndex = 0; path = RickAndMortyFunApp.app; sourceTree = BUILT_PRODUCTS_DIR; };
		B0CD59E22222B25F00244139 /* AppDelegate.swift */ = {isa = PBXFileReference; lastKnownFileType = sourcecode.swift; path = AppDelegate.swift; sourceTree = "<group>"; };
		B0CD59E92222B26200244139 /* Assets.xcassets */ = {isa = PBXFileReference; lastKnownFileType = folder.assetcatalog; path = Assets.xcassets; sourceTree = "<group>"; };
		B0CD59EC2222B26200244139 /* Base */ = {isa = PBXFileReference; lastKnownFileType = file.storyboard; name = Base; path = Base.lproj/LaunchScreen.storyboard; sourceTree = "<group>"; };
		B0CD59EE2222B26200244139 /* Info.plist */ = {isa = PBXFileReference; lastKnownFileType = text.plist.xml; path = Info.plist; sourceTree = "<group>"; };
		B0CD59F42222B43700244139 /* TabBarController.swift */ = {isa = PBXFileReference; lastKnownFileType = sourcecode.swift; path = TabBarController.swift; sourceTree = "<group>"; };
		B0CD59F62222B4C700244139 /* CharacterViewController.swift */ = {isa = PBXFileReference; lastKnownFileType = sourcecode.swift; path = CharacterViewController.swift; sourceTree = "<group>"; };
		B0CD59F82222B51F00244139 /* LocationViewController.swift */ = {isa = PBXFileReference; lastKnownFileType = sourcecode.swift; path = LocationViewController.swift; sourceTree = "<group>"; };
		B0CD59FA2222B53E00244139 /* EpisodeViewController.swift */ = {isa = PBXFileReference; lastKnownFileType = sourcecode.swift; path = EpisodeViewController.swift; sourceTree = "<group>"; };
		B0CD59FE2222DFA000244139 /* UIView+extension.swift */ = {isa = PBXFileReference; lastKnownFileType = sourcecode.swift; path = "UIView+extension.swift"; sourceTree = "<group>"; };
/* End PBXFileReference section */

/* Begin PBXFrameworksBuildPhase section */
		B0CD59DC2222B25F00244139 /* Frameworks */ = {
			isa = PBXFrameworksBuildPhase;
			buildActionMask = 2147483647;
			files = (
				F2D1A69043E15F10DF92A459 /* Pods_RickAndMortyFunApp.framework in Frameworks */,
			);
			runOnlyForDeploymentPostprocessing = 0;
		};
/* End PBXFrameworksBuildPhase section */

/* Begin PBXGroup section */
		1E7894C35A32883E18198615 /* Frameworks */ = {
			isa = PBXGroup;
			children = (
				9BB4F13A7F855A5C6065C143 /* Pods_RickAndMortyFunApp.framework */,
			);
			name = Frameworks;
			sourceTree = "<group>";
		};
		AB28EF4D4479CC6DAC90CFB3 /* Pods */ = {
			isa = PBXGroup;
			children = (
				19ECBFD40C618F1086A191AA /* Pods-RickAndMortyFunApp.debug.xcconfig */,
				1C642F928D4A80B2BF675C4B /* Pods-RickAndMortyFunApp.release.xcconfig */,
			);
			name = Pods;
			sourceTree = "<group>";
		};
		B0604856222538300029ADC6 /* Models */ = {
			isa = PBXGroup;
			children = (
				B06048572225384A0029ADC6 /* Models.swift */,
			);
			path = Models;
			sourceTree = "<group>";
		};
		B060485B222559FB0029ADC6 /* NetworkServices */ = {
			isa = PBXGroup;
			children = (
				B060485922253AD40029ADC6 /* NetworkService.swift */,
				B060485C22255A270029ADC6 /* UIImage+extension.swift */,
				B0604880222A8F2D0029ADC6 /* RickAndMortyRouter.swift */,
			);
			path = NetworkServices;
			sourceTree = "<group>";
		};
		B060485E2225BED10029ADC6 /* Screens */ = {
			isa = PBXGroup;
			children = (
				B060488C222EF0A60029ADC6 /* Common */,
				B060485F2225BEF00029ADC6 /* Characters */,
				B06048772226B6450029ADC6 /* CharacterDetails */,
				B06048622225C3760029ADC6 /* Locations */,
				B06048632225C3860029ADC6 /* Episodes */,
			);
			path = Screens;
			sourceTree = "<group>";
		};
		B060485F2225BEF00029ADC6 /* Characters */ = {
			isa = PBXGroup;
			children = (
				B0CD59F62222B4C700244139 /* CharacterViewController.swift */,
				B06048602225BF1C0029ADC6 /* CharacterCell.swift */,
			);
			path = Characters;
			sourceTree = "<group>";
		};
		B06048622225C3760029ADC6 /* Locations */ = {
			isa = PBXGroup;
			children = (
				B0CD59F82222B51F00244139 /* LocationViewController.swift */,
				B0604886222CB70D0029ADC6 /* LocationCell.swift */,
			);
			path = Locations;
			sourceTree = "<group>";
		};
		B06048632225C3860029ADC6 /* Episodes */ = {
			isa = PBXGroup;
			children = (
				B0CD59FA2222B53E00244139 /* EpisodeViewController.swift */,
				B0604891222F0D1F0029ADC6 /* EpisodeCell.swift */,
			);
			path = Episodes;
			sourceTree = "<group>";
		};
		B060486A22267F680029ADC6 /* FooterViews */ = {
			isa = PBXGroup;
			children = (
				B060486B22267FA50029ADC6 /* ErrorView.xib */,
				B060486D22267FCB0029ADC6 /* ErrorView.swift */,
				B060486F22269EC30029ADC6 /* LoadingView.swift */,
				B060487122269ECE0029ADC6 /* LoadingView.xib */,
				B06048732226A1290029ADC6 /* EmptyView.swift */,
				B06048752226A13D0029ADC6 /* EmptyView.xib */,
			);
			path = FooterViews;
			sourceTree = "<group>";
		};
		B06048772226B6450029ADC6 /* CharacterDetails */ = {
			isa = PBXGroup;
			children = (
				B06048782226B6810029ADC6 /* CharacterDetailsView.xib */,
				B060487A2226C02B0029ADC6 /* CharacterDetailsView.swift */,
				B060487E2226C5090029ADC6 /* DetailsViewController.swift */,
			);
			path = CharacterDetails;
			sourceTree = "<group>";
		};
		B060488C222EF0A60029ADC6 /* Common */ = {
			isa = PBXGroup;
			children = (
				B060488D222EF0BF0029ADC6 /* State.swift */,
				B060488A222EEFD10029ADC6 /* ViewModel.swift */,
				B060488F222EFC600029ADC6 /* FooterView.swift */,
				B060486A22267F680029ADC6 /* FooterViews */,
			);
			path = Common;
			sourceTree = "<group>";
		};
		B0CD59D62222B25F00244139 = {
			isa = PBXGroup;
			children = (
				B0CD59E12222B25F00244139 /* RickAndMortyFunApp */,
				B0CD59E02222B25F00244139 /* Products */,
				AB28EF4D4479CC6DAC90CFB3 /* Pods */,
				1E7894C35A32883E18198615 /* Frameworks */,
			);
			sourceTree = "<group>";
		};
		B0CD59E02222B25F00244139 /* Products */ = {
			isa = PBXGroup;
			children = (
				B0CD59DF2222B25F00244139 /* RickAndMortyFunApp.app */,
			);
			name = Products;
			sourceTree = "<group>";
		};
		B0CD59E12222B25F00244139 /* RickAndMortyFunApp */ = {
			isa = PBXGroup;
			children = (
				B0CD59E22222B25F00244139 /* AppDelegate.swift */,
				B0CD59F42222B43700244139 /* TabBarController.swift */,
				B060485E2225BED10029ADC6 /* Screens */,
				B060485B222559FB0029ADC6 /* NetworkServices */,
				B0604856222538300029ADC6 /* Models */,
				B0CD59E92222B26200244139 /* Assets.xcassets */,
				B0CD59EB2222B26200244139 /* LaunchScreen.storyboard */,
				B0CD59EE2222B26200244139 /* Info.plist */,
				B0CD59FE2222DFA000244139 /* UIView+extension.swift */,
				B06048642225DF400029ADC6 /* UITableView+Reusable.swift */,
			);
			path = RickAndMortyFunApp;
			sourceTree = "<group>";
		};
/* End PBXGroup section */

/* Begin PBXNativeTarget section */
		B0CD59DE2222B25F00244139 /* RickAndMortyFunApp */ = {
			isa = PBXNativeTarget;
			buildConfigurationList = B0CD59F12222B26200244139 /* Build configuration list for PBXNativeTarget "RickAndMortyFunApp" */;
			buildPhases = (
				028679EF90BCA2A67698C20F /* [CP] Check Pods Manifest.lock */,
				B0CD59DB2222B25F00244139 /* Sources */,
				B0CD59DC2222B25F00244139 /* Frameworks */,
				B0CD59DD2222B25F00244139 /* Resources */,
				D32919CBA3E3C88B11DD4371 /* [CP] Embed Pods Frameworks */,
			);
			buildRules = (
			);
			dependencies = (
			);
			name = RickAndMortyFunApp;
			productName = RickAndMortyFunApp;
			productReference = B0CD59DF2222B25F00244139 /* RickAndMortyFunApp.app */;
			productType = "com.apple.product-type.application";
		};
/* End PBXNativeTarget section */

/* Begin PBXProject section */
		B0CD59D72222B25F00244139 /* Project object */ = {
			isa = PBXProject;
			attributes = {
				LastSwiftUpdateCheck = 1010;
				LastUpgradeCheck = 1010;
				ORGANIZATIONNAME = "Rusłan Chamski";
				TargetAttributes = {
					B0CD59DE2222B25F00244139 = {
						CreatedOnToolsVersion = 10.1;
					};
				};
			};
			buildConfigurationList = B0CD59DA2222B25F00244139 /* Build configuration list for PBXProject "RickAndMortyFunApp" */;
			compatibilityVersion = "Xcode 9.3";
			developmentRegion = en;
			hasScannedForEncodings = 0;
			knownRegions = (
				en,
				Base,
			);
			mainGroup = B0CD59D62222B25F00244139;
			productRefGroup = B0CD59E02222B25F00244139 /* Products */;
			projectDirPath = "";
			projectRoot = "";
			targets = (
				B0CD59DE2222B25F00244139 /* RickAndMortyFunApp */,
			);
		};
/* End PBXProject section */

/* Begin PBXResourcesBuildPhase section */
		B0CD59DD2222B25F00244139 /* Resources */ = {
			isa = PBXResourcesBuildPhase;
			buildActionMask = 2147483647;
			files = (
				B060486C22267FA50029ADC6 /* ErrorView.xib in Resources */,
				B060487222269ECE0029ADC6 /* LoadingView.xib in Resources */,
				B0CD59ED2222B26200244139 /* LaunchScreen.storyboard in Resources */,
				B0CD59EA2222B26200244139 /* Assets.xcassets in Resources */,
				B06048762226A13D0029ADC6 /* EmptyView.xib in Resources */,
				B06048792226B6810029ADC6 /* CharacterDetailsView.xib in Resources */,
			);
			runOnlyForDeploymentPostprocessing = 0;
		};
/* End PBXResourcesBuildPhase section */

/* Begin PBXShellScriptBuildPhase section */
		028679EF90BCA2A67698C20F /* [CP] Check Pods Manifest.lock */ = {
			isa = PBXShellScriptBuildPhase;
			buildActionMask = 2147483647;
			files = (
			);
			inputFileListPaths = (
			);
			inputPaths = (
				"${PODS_PODFILE_DIR_PATH}/Podfile.lock",
				"${PODS_ROOT}/Manifest.lock",
			);
			name = "[CP] Check Pods Manifest.lock";
			outputFileListPaths = (
			);
			outputPaths = (
				"$(DERIVED_FILE_DIR)/Pods-RickAndMortyFunApp-checkManifestLockResult.txt",
			);
			runOnlyForDeploymentPostprocessing = 0;
			shellPath = /bin/sh;
			shellScript = "diff \"${PODS_PODFILE_DIR_PATH}/Podfile.lock\" \"${PODS_ROOT}/Manifest.lock\" > /dev/null\nif [ $? != 0 ] ; then\n    # print error to STDERR\n    echo \"error: The sandbox is not in sync with the Podfile.lock. Run 'pod install' or update your CocoaPods installation.\" >&2\n    exit 1\nfi\n# This output is used by Xcode 'outputs' to avoid re-running this script phase.\necho \"SUCCESS\" > \"${SCRIPT_OUTPUT_FILE_0}\"\n";
			showEnvVarsInLog = 0;
		};
		D32919CBA3E3C88B11DD4371 /* [CP] Embed Pods Frameworks */ = {
			isa = PBXShellScriptBuildPhase;
			buildActionMask = 2147483647;
			files = (
			);
			inputFileListPaths = (
			);
			inputPaths = (
				"${SRCROOT}/Pods/Target Support Files/Pods-RickAndMortyFunApp/Pods-RickAndMortyFunApp-frameworks.sh",
				"${BUILT_PRODUCTS_DIR}/Alamofire/Alamofire.framework",
				"${BUILT_PRODUCTS_DIR}/Kingfisher/Kingfisher.framework",
			);
			name = "[CP] Embed Pods Frameworks";
			outputFileListPaths = (
			);
			outputPaths = (
				"${TARGET_BUILD_DIR}/${FRAMEWORKS_FOLDER_PATH}/Alamofire.framework",
				"${TARGET_BUILD_DIR}/${FRAMEWORKS_FOLDER_PATH}/Kingfisher.framework",
			);
			runOnlyForDeploymentPostprocessing = 0;
			shellPath = /bin/sh;
			shellScript = "\"${SRCROOT}/Pods/Target Support Files/Pods-RickAndMortyFunApp/Pods-RickAndMortyFunApp-frameworks.sh\"\n";
			showEnvVarsInLog = 0;
		};
/* End PBXShellScriptBuildPhase section */

/* Begin PBXSourcesBuildPhase section */
		B0CD59DB2222B25F00244139 /* Sources */ = {
			isa = PBXSourcesBuildPhase;
			buildActionMask = 2147483647;
			files = (
				B0CD59FF2222DFA000244139 /* UIView+extension.swift in Sources */,
				B060487B2226C02B0029ADC6 /* CharacterDetailsView.swift in Sources */,
				B0CD59F72222B4C700244139 /* CharacterViewController.swift in Sources */,
				B0604892222F0D1F0029ADC6 /* EpisodeCell.swift in Sources */,
				B060485A22253AD40029ADC6 /* NetworkService.swift in Sources */,
				B0CD59F52222B43700244139 /* TabBarController.swift in Sources */,
				B06048742226A1290029ADC6 /* EmptyView.swift in Sources */,
				B0604887222CB70D0029ADC6 /* LocationCell.swift in Sources */,
				B0604881222A8F2D0029ADC6 /* RickAndMortyRouter.swift in Sources */,
				B060488E222EF0BF0029ADC6 /* State.swift in Sources */,
				B06048652225DF410029ADC6 /* UITableView+Reusable.swift in Sources */,
				B0CD59E32222B25F00244139 /* AppDelegate.swift in Sources */,
				B06048612225BF1C0029ADC6 /* CharacterCell.swift in Sources */,
				B060486E22267FCB0029ADC6 /* ErrorView.swift in Sources */,
				B0CD59F92222B51F00244139 /* LocationViewController.swift in Sources */,
				B060488B222EEFD10029ADC6 /* ViewModel.swift in Sources */,
				B0604890222EFC600029ADC6 /* FooterView.swift in Sources */,
				B060487F2226C5090029ADC6 /* DetailsViewController.swift in Sources */,
				B06048582225384A0029ADC6 /* Models.swift in Sources */,
				B060485D22255A270029ADC6 /* UIImage+extension.swift in Sources */,
				B060487022269EC30029ADC6 /* LoadingView.swift in Sources */,
				B0CD59FB2222B53E00244139 /* EpisodeViewController.swift in Sources */,
			);
			runOnlyForDeploymentPostprocessing = 0;
		};
/* End PBXSourcesBuildPhase section */

/* Begin PBXVariantGroup section */
		B0CD59EB2222B26200244139 /* LaunchScreen.storyboard */ = {
			isa = PBXVariantGroup;
			children = (
				B0CD59EC2222B26200244139 /* Base */,
			);
			name = LaunchScreen.storyboard;
			sourceTree = "<group>";
		};
/* End PBXVariantGroup section */

/* Begin XCBuildConfiguration section */
		B0CD59EF2222B26200244139 /* Debug */ = {
			isa = XCBuildConfiguration;
			buildSettings = {
				ALWAYS_SEARCH_USER_PATHS = NO;
				CLANG_ANALYZER_NONNULL = YES;
				CLANG_ANALYZER_NUMBER_OBJECT_CONVERSION = YES_AGGRESSIVE;
				CLANG_CXX_LANGUAGE_STANDARD = "gnu++14";
				CLANG_CXX_LIBRARY = "libc++";
				CLANG_ENABLE_MODULES = YES;
				CLANG_ENABLE_OBJC_ARC = YES;
				CLANG_ENABLE_OBJC_WEAK = YES;
				CLANG_WARN_BLOCK_CAPTURE_AUTORELEASING = YES;
				CLANG_WARN_BOOL_CONVERSION = YES;
				CLANG_WARN_COMMA = YES;
				CLANG_WARN_CONSTANT_CONVERSION = YES;
				CLANG_WARN_DEPRECATED_OBJC_IMPLEMENTATIONS = YES;
				CLANG_WARN_DIRECT_OBJC_ISA_USAGE = YES_ERROR;
				CLANG_WARN_DOCUMENTATION_COMMENTS = YES;
				CLANG_WARN_EMPTY_BODY = YES;
				CLANG_WARN_ENUM_CONVERSION = YES;
				CLANG_WARN_INFINITE_RECURSION = YES;
				CLANG_WARN_INT_CONVERSION = YES;
				CLANG_WARN_NON_LITERAL_NULL_CONVERSION = YES;
				CLANG_WARN_OBJC_IMPLICIT_RETAIN_SELF = YES;
				CLANG_WARN_OBJC_LITERAL_CONVERSION = YES;
				CLANG_WARN_OBJC_ROOT_CLASS = YES_ERROR;
				CLANG_WARN_RANGE_LOOP_ANALYSIS = YES;
				CLANG_WARN_STRICT_PROTOTYPES = YES;
				CLANG_WARN_SUSPICIOUS_MOVE = YES;
				CLANG_WARN_UNGUARDED_AVAILABILITY = YES_AGGRESSIVE;
				CLANG_WARN_UNREACHABLE_CODE = YES;
				CLANG_WARN__DUPLICATE_METHOD_MATCH = YES;
				CODE_SIGN_IDENTITY = "iPhone Developer";
				COPY_PHASE_STRIP = NO;
				DEBUG_INFORMATION_FORMAT = dwarf;
				ENABLE_STRICT_OBJC_MSGSEND = YES;
				ENABLE_TESTABILITY = YES;
				GCC_C_LANGUAGE_STANDARD = gnu11;
				GCC_DYNAMIC_NO_PIC = NO;
				GCC_NO_COMMON_BLOCKS = YES;
				GCC_OPTIMIZATION_LEVEL = 0;
				GCC_PREPROCESSOR_DEFINITIONS = (
					"DEBUG=1",
					"$(inherited)",
				);
				GCC_WARN_64_TO_32_BIT_CONVERSION = YES;
				GCC_WARN_ABOUT_RETURN_TYPE = YES_ERROR;
				GCC_WARN_UNDECLARED_SELECTOR = YES;
				GCC_WARN_UNINITIALIZED_AUTOS = YES_AGGRESSIVE;
				GCC_WARN_UNUSED_FUNCTION = YES;
				GCC_WARN_UNUSED_VARIABLE = YES;
				IPHONEOS_DEPLOYMENT_TARGET = 12.1;
				MTL_ENABLE_DEBUG_INFO = INCLUDE_SOURCE;
				MTL_FAST_MATH = YES;
				ONLY_ACTIVE_ARCH = YES;
				SDKROOT = iphoneos;
				SWIFT_ACTIVE_COMPILATION_CONDITIONS = DEBUG;
				SWIFT_OPTIMIZATION_LEVEL = "-Onone";
			};
			name = Debug;
		};
		B0CD59F02222B26200244139 /* Release */ = {
			isa = XCBuildConfiguration;
			buildSettings = {
				ALWAYS_SEARCH_USER_PATHS = NO;
				CLANG_ANALYZER_NONNULL = YES;
				CLANG_ANALYZER_NUMBER_OBJECT_CONVERSION = YES_AGGRESSIVE;
				CLANG_CXX_LANGUAGE_STANDARD = "gnu++14";
				CLANG_CXX_LIBRARY = "libc++";
				CLANG_ENABLE_MODULES = YES;
				CLANG_ENABLE_OBJC_ARC = YES;
				CLANG_ENABLE_OBJC_WEAK = YES;
				CLANG_WARN_BLOCK_CAPTURE_AUTORELEASING = YES;
				CLANG_WARN_BOOL_CONVERSION = YES;
				CLANG_WARN_COMMA = YES;
				CLANG_WARN_CONSTANT_CONVERSION = YES;
				CLANG_WARN_DEPRECATED_OBJC_IMPLEMENTATIONS = YES;
				CLANG_WARN_DIRECT_OBJC_ISA_USAGE = YES_ERROR;
				CLANG_WARN_DOCUMENTATION_COMMENTS = YES;
				CLANG_WARN_EMPTY_BODY = YES;
				CLANG_WARN_ENUM_CONVERSION = YES;
				CLANG_WARN_INFINITE_RECURSION = YES;
				CLANG_WARN_INT_CONVERSION = YES;
				CLANG_WARN_NON_LITERAL_NULL_CONVERSION = YES;
				CLANG_WARN_OBJC_IMPLICIT_RETAIN_SELF = YES;
				CLANG_WARN_OBJC_LITERAL_CONVERSION = YES;
				CLANG_WARN_OBJC_ROOT_CLASS = YES_ERROR;
				CLANG_WARN_RANGE_LOOP_ANALYSIS = YES;
				CLANG_WARN_STRICT_PROTOTYPES = YES;
				CLANG_WARN_SUSPICIOUS_MOVE = YES;
				CLANG_WARN_UNGUARDED_AVAILABILITY = YES_AGGRESSIVE;
				CLANG_WARN_UNREACHABLE_CODE = YES;
				CLANG_WARN__DUPLICATE_METHOD_MATCH = YES;
				CODE_SIGN_IDENTITY = "iPhone Developer";
				COPY_PHASE_STRIP = NO;
				DEBUG_INFORMATION_FORMAT = "dwarf-with-dsym";
				ENABLE_NS_ASSERTIONS = NO;
				ENABLE_STRICT_OBJC_MSGSEND = YES;
				GCC_C_LANGUAGE_STANDARD = gnu11;
				GCC_NO_COMMON_BLOCKS = YES;
				GCC_WARN_64_TO_32_BIT_CONVERSION = YES;
				GCC_WARN_ABOUT_RETURN_TYPE = YES_ERROR;
				GCC_WARN_UNDECLARED_SELECTOR = YES;
				GCC_WARN_UNINITIALIZED_AUTOS = YES_AGGRESSIVE;
				GCC_WARN_UNUSED_FUNCTION = YES;
				GCC_WARN_UNUSED_VARIABLE = YES;
				IPHONEOS_DEPLOYMENT_TARGET = 12.1;
				MTL_ENABLE_DEBUG_INFO = NO;
				MTL_FAST_MATH = YES;
				SDKROOT = iphoneos;
				SWIFT_COMPILATION_MODE = wholemodule;
				SWIFT_OPTIMIZATION_LEVEL = "-O";
				VALIDATE_PRODUCT = YES;
			};
			name = Release;
		};
		B0CD59F22222B26200244139 /* Debug */ = {
			isa = XCBuildConfiguration;
			baseConfigurationReference = 19ECBFD40C618F1086A191AA /* Pods-RickAndMortyFunApp.debug.xcconfig */;
			buildSettings = {
				ASSETCATALOG_COMPILER_APPICON_NAME = AppIcon;
				CODE_SIGN_STYLE = Automatic;
				DEVELOPMENT_TEAM = LW7SUQMXTU;
				INFOPLIST_FILE = RickAndMortyFunApp/Info.plist;
				LD_RUNPATH_SEARCH_PATHS = (
					"$(inherited)",
					"@executable_path/Frameworks",
				);
				PRODUCT_BUNDLE_IDENTIFIER = com.quest.xamchuk.RickAndMortyFunApp;
				PRODUCT_NAME = "$(TARGET_NAME)";
				SWIFT_VERSION = 4.2;
				TARGETED_DEVICE_FAMILY = "1,2";
			};
			name = Debug;
		};
		B0CD59F32222B26200244139 /* Release */ = {
			isa = XCBuildConfiguration;
			baseConfigurationReference = 1C642F928D4A80B2BF675C4B /* Pods-RickAndMortyFunApp.release.xcconfig */;
			buildSettings = {
				ASSETCATALOG_COMPILER_APPICON_NAME = AppIcon;
				CODE_SIGN_STYLE = Automatic;
				DEVELOPMENT_TEAM = LW7SUQMXTU;
				INFOPLIST_FILE = RickAndMortyFunApp/Info.plist;
				LD_RUNPATH_SEARCH_PATHS = (
					"$(inherited)",
					"@executable_path/Frameworks",
				);
				PRODUCT_BUNDLE_IDENTIFIER = com.quest.xamchuk.RickAndMortyFunApp;
				PRODUCT_NAME = "$(TARGET_NAME)";
				SWIFT_VERSION = 4.2;
				TARGETED_DEVICE_FAMILY = "1,2";
			};
			name = Release;
		};
/* End XCBuildConfiguration section */

/* Begin XCConfigurationList section */
		B0CD59DA2222B25F00244139 /* Build configuration list for PBXProject "RickAndMortyFunApp" */ = {
			isa = XCConfigurationList;
			buildConfigurations = (
				B0CD59EF2222B26200244139 /* Debug */,
				B0CD59F02222B26200244139 /* Release */,
			);
			defaultConfigurationIsVisible = 0;
			defaultConfigurationName = Release;
		};
		B0CD59F12222B26200244139 /* Build configuration list for PBXNativeTarget "RickAndMortyFunApp" */ = {
			isa = XCConfigurationList;
			buildConfigurations = (
				B0CD59F22222B26200244139 /* Debug */,
				B0CD59F32222B26200244139 /* Release */,
			);
			defaultConfigurationIsVisible = 0;
			defaultConfigurationName = Release;
		};
/* End XCConfigurationList section */
	};
	rootObject = B0CD59D72222B25F00244139 /* Project object */;
}
